Microsoft Visual Studio Solution File, Format Version 12.00
# Visual Studio Version 17
VisualStudioVersion = 17.5.2.0
MinimumVisualStudioVersion = 10.0.40219.1
Project("{2150E333-8FDC-42A3-9474-1A3956D46DE8}") = "TracingApp", "TracingApp", "{1B9E6616-9010-5DDD-8234-356F965B606E}"
EndProject
Project("{FAE04EC0-301F-11D3-BF4B-00C04F79EFBC}") = "Assembly-CSharp-Editor", "TracingApp\Assembly-CSharp-Editor.csproj", "{BB171A51-65F1-0E82-5B30-AE2E3D1C0B0E}"
EndProject
Project("{FAE04EC0-301F-11D3-BF4B-00C04F79EFBC}") = "Assembly-CSharp", "TracingApp\Assembly-CSharp.csproj", "{5DBA5566-1FB8-5A0A-567A-923898D1C8F1}"
EndProject
Project("{FAE04EC0-301F-11D3-BF4B-00C04F79EFBC}") = "glTFast", "TracingApp\glTFast.csproj", "{C7876023-5A29-DF7E-2266-D8DEFEE3246B}"
EndProject
Project("{FAE04EC0-301F-11D3-BF4B-00C04F79EFBC}") = "glTFast.Documentation.Examples", "TracingApp\glTFast.Documentation.Examples.csproj", "{838DD98A-1C78-C461-8861-9525950AAF1D}"
EndProject
Project("{FAE04EC0-301F-11D3-BF4B-00C04F79EFBC}") = "glTFast.dots", "TracingApp\glTFast.dots.csproj", "{AAB177D1-6239-A153-AB4D-1391B915F11A}"
EndProject
Project("{FAE04EC0-301F-11D3-BF4B-00C04F79EFBC}") = "glTFast.Editor", "TracingApp\glTFast.Editor.csproj", "{85805232-8ACB-D96F-71DC-51FF8939159C}"
EndProject
Project("{FAE04EC0-301F-11D3-BF4B-00C04F79EFBC}") = "glTFast.Export", "TracingApp\glTFast.Export.csproj", "{2E199FB6-B3E9-0556-1D01-A41C8939E56F}"
EndProject
Project("{FAE04EC0-301F-11D3-BF4B-00C04F79EFBC}") = "glTFast.Newtonsoft", "TracingApp\glTFast.Newtonsoft.csproj", "{21AA0DDE-FA53-78CD-5600-EE17FF761410}"
EndProject
Project("{FAE04EC0-301F-11D3-BF4B-00C04F79EFBC}") = "Unity.AI.Navigation", "TracingApp\Unity.AI.Navigation.csproj", "{889726F2-13FD-CCA3-261E-346E5C2C19FD}"
EndProject
Project("{FAE04EC0-301F-11D3-BF4B-00C04F79EFBC}") = "Unity.AI.Navigation.Editor.ConversionSystem", "TracingApp\Unity.AI.Navigation.Editor.ConversionSystem.csproj", "{D8F07518-D149-8F15-1D7A-B08252BF9F27}"
EndProject
Project("{FAE04EC0-301F-11D3-BF4B-00C04F79EFBC}") = "Unity.AI.Navigation.Editor", "TracingApp\Unity.AI.Navigation.Editor.csproj", "{5446F2DE-BB87-B220-0288-8FA298483F94}"
EndProject
Project("{FAE04EC0-301F-11D3-BF4B-00C04F79EFBC}") = "Unity.AI.Navigation.Updater", "TracingApp\Unity.AI.Navigation.Updater.csproj", "{B2AEC6AC-B907-347C-3658-A402EA63C353}"
EndProject
Project("{FAE04EC0-301F-11D3-BF4B-00C04F79EFBC}") = "Unity.Burst.CodeGen", "TracingApp\Unity.Burst.CodeGen.csproj", "{7658DEDC-64F1-FD34-5736-00390866378F}"
EndProject
Project("{FAE04EC0-301F-11D3-BF4B-00C04F79EFBC}") = "Unity.Burst", "TracingApp\Unity.Burst.csproj", "{B3D3B048-93AE-A449-6E96-C62AA4454A72}"
EndProject
Project("{FAE04EC0-301F-11D3-BF4B-00C04F79EFBC}") = "Unity.Burst.Editor", "TracingApp\Unity.Burst.Editor.csproj", "{23A2A1C2-950D-6E0D-908E-CE98EC3C80DC}"
EndProject
Project("{FAE04EC0-301F-11D3-BF4B-00C04F79EFBC}") = "Unity.CollabProxy.Editor", "TracingApp\Unity.CollabProxy.Editor.csproj", "{98125DA6-7641-87DE-ECD9-D3E4F18729FE}"
EndProject
Project("{FAE04EC0-301F-11D3-BF4B-00C04F79EFBC}") = "Unity.Collections.CodeGen", "TracingApp\Unity.Collections.CodeGen.csproj", "{5499F514-BE22-BB45-FB56-9FEC8E5A3AB9}"
EndProject
Project("{FAE04EC0-301F-11D3-BF4B-00C04F79EFBC}") = "Unity.Collections", "TracingApp\Unity.Collections.csproj", "{23F061B2-624F-89B4-6530-E4E9CB0946A2}"
EndProject
Project("{FAE04EC0-301F-11D3-BF4B-00C04F79EFBC}") = "Unity.Collections.Editor", "TracingApp\Unity.Collections.Editor.csproj", "{E565531F-016E-9400-0F6D-B38D983DD607}"
EndProject
Project("{FAE04EC0-301F-11D3-BF4B-00C04F79EFBC}") = "Unity.InputSystem", "TracingApp\Unity.InputSystem.csproj", "{2C5EC5C0-D9BE-A084-1355-B7B9B604E038}"
EndProject
Project("{FAE04EC0-301F-11D3-BF4B-00C04F79EFBC}") = "Unity.InputSystem.DocCodeSamples", "TracingApp\Unity.InputSystem.DocCodeSamples.csproj", "{E5DDDEB7-54D2-89BD-09C0-74AAE1116D6E}"
EndProject
Project("{FAE04EC0-301F-11D3-BF4B-00C04F79EFBC}") = "Unity.InputSystem.ForUI", "TracingApp\Unity.InputSystem.ForUI.csproj", "{E430DE8A-460D-BCAA-011C-B540E9A2243E}"
EndProject
Project("{FAE04EC0-301F-11D3-BF4B-00C04F79EFBC}") = "Unity.InputSystem.TestFramework", "TracingApp\Unity.InputSystem.TestFramework.csproj", "{5E6BD518-EE20-E71B-73DC-439324EBD439}"
EndProject
Project("{FAE04EC0-301F-11D3-BF4B-00C04F79EFBC}") = "Unity.Mathematics", "TracingApp\Unity.Mathematics.csproj", "{0CCAFD4B-7B14-D2D7-3D1D-DF40DC8524A9}"
EndProject
Project("{FAE04EC0-301F-11D3-BF4B-00C04F79EFBC}") = "Unity.Mathematics.Editor", "TracingApp\Unity.Mathematics.Editor.csproj", "{D002ACC0-494A-5AF7-C39B-EEA21014B60D}"
EndProject
Project("{FAE04EC0-301F-11D3-BF4B-00C04F79EFBC}") = "Unity.PerformanceTesting", "TracingApp\Unity.PerformanceTesting.csproj", "{DA425909-5123-9A24-200E-F895D794AD53}"
EndProject
Project("{FAE04EC0-301F-11D3-BF4B-00C04F79EFBC}") = "Unity.PerformanceTesting.Editor", "TracingApp\Unity.PerformanceTesting.Editor.csproj", "{C2759F38-53BB-0C28-3600-77D9E8A45842}"
EndProject
Project("{FAE04EC0-301F-11D3-BF4B-00C04F79EFBC}") = "Unity.PlasticSCM.Editor", "TracingApp\Unity.PlasticSCM.Editor.csproj", "{BD7077C7-20B2-E1AB-7B59-955CA2AB6352}"
EndProject
Project("{FAE04EC0-301F-11D3-BF4B-00C04F79EFBC}") = "Unity.PlasticSCM.Editor.Entities", "TracingApp\Unity.PlasticSCM.Editor.Entities.csproj", "{9EF3AF71-EB40-2A7E-5107-D648F77A4DAE}"
EndProject
Project("{FAE04EC0-301F-11D3-BF4B-00C04F79EFBC}") = "Unity.Rider.Editor", "TracingApp\Unity.Rider.Editor.csproj", "{753B895B-E136-0345-5B09-6A8BA4A33722}"
EndProject
Project("{FAE04EC0-301F-11D3-BF4B-00C04F79EFBC}") = "Unity.Searcher.Editor", "TracingApp\Unity.Searcher.Editor.csproj", "{E17F066A-3B63-5F82-E421-A73CA8A94474}"
EndProject
Project("{FAE04EC0-301F-11D3-BF4B-00C04F79EFBC}") = "Unity.Timeline", "TracingApp\Unity.Timeline.csproj", "{26D47F5C-4045-76F4-9C82-5DC2B7635392}"
EndProject
Project("{FAE04EC0-301F-11D3-BF4B-00C04F79EFBC}") = "Unity.Timeline.Editor", "TracingApp\Unity.Timeline.Editor.csproj", "{57CAC9F5-C856-5108-214E-366DE5CE5F3C}"
EndProject
Project("{FAE04EC0-301F-11D3-BF4B-00C04F79EFBC}") = "Unity.VisualScripting.Core", "TracingApp\Unity.VisualScripting.Core.csproj", "{0306E1EC-2206-E306-EDC9-4856DB86D68B}"
EndProject
Project("{FAE04EC0-301F-11D3-BF4B-00C04F79EFBC}") = "Unity.VisualScripting.Core.Editor", "TracingApp\Unity.VisualScripting.Core.Editor.csproj", "{F74DE762-4E61-7545-6141-1BBC1826E801}"
EndProject
Project("{FAE04EC0-301F-11D3-BF4B-00C04F79EFBC}") = "Unity.VisualScripting.DocCodeExamples", "TracingApp\Unity.VisualScripting.DocCodeExamples.csproj", "{FF1E7303-3271-5C66-6B2B-9123C1ED1307}"
EndProject
Project("{FAE04EC0-301F-11D3-BF4B-00C04F79EFBC}") = "Unity.VisualScripting.Flow", "TracingApp\Unity.VisualScripting.Flow.csproj", "{B8A8D5E1-B925-8FAA-E343-C2808137B5FE}"
EndProject
Project("{FAE04EC0-301F-11D3-BF4B-00C04F79EFBC}") = "Unity.VisualScripting.Flow.Editor", "TracingApp\Unity.VisualScripting.Flow.Editor.csproj", "{2F4E58F3-DC2D-A600-AEFC-AD778909B3EF}"
EndProject
Project("{FAE04EC0-301F-11D3-BF4B-00C04F79EFBC}") = "Unity.VisualScripting.SettingsProvider.Editor", "TracingApp\Unity.VisualScripting.SettingsProvider.Editor.csproj", "{B8D79D5D-E861-79E7-EC8F-D26C67DE042F}"
EndProject
Project("{FAE04EC0-301F-11D3-BF4B-00C04F79EFBC}") = "Unity.VisualScripting.Shared.Editor", "TracingApp\Unity.VisualScripting.Shared.Editor.csproj", "{A612FFE7-3CC9-DEDA-FA56-58EEB530C9EB}"
EndProject
Project("{FAE04EC0-301F-11D3-BF4B-00C04F79EFBC}") = "Unity.VisualScripting.State", "TracingApp\Unity.VisualScripting.State.csproj", "{0191C2FB-EEE6-BA1B-2E73-EFA23C74D7A2}"
EndProject
Project("{FAE04EC0-301F-11D3-BF4B-00C04F79EFBC}") = "Unity.VisualScripting.State.Editor", "TracingApp\Unity.VisualScripting.State.Editor.csproj", "{9ED663A2-4C7F-A8B6-14FD-1F23FF409A3F}"
EndProject
Project("{FAE04EC0-301F-11D3-BF4B-00C04F79EFBC}") = "Unity.VisualStudio.Editor", "TracingApp\Unity.VisualStudio.Editor.csproj", "{5E9A7A83-1AD1-D6D5-F35D-3BDEE2A97DDA}"
EndProject
Global
	GlobalSection(SolutionConfigurationPlatforms) = preSolution
		Debug|Any CPU = Debug|Any CPU
		Release|Any CPU = Release|Any CPU
	EndGlobalSection
	GlobalSection(ProjectConfigurationPlatforms) = postSolution
		{BB171A51-65F1-0E82-5B30-AE2E3D1C0B0E}.Debug|Any CPU.ActiveCfg = Debug|Any CPU
		{BB171A51-65F1-0E82-5B30-AE2E3D1C0B0E}.Debug|Any CPU.Build.0 = Debug|Any CPU
		{BB171A51-65F1-0E82-5B30-AE2E3D1C0B0E}.Release|Any CPU.ActiveCfg = Release|Any CPU
		{BB171A51-65F1-0E82-5B30-AE2E3D1C0B0E}.Release|Any CPU.Build.0 = Release|Any CPU
		{5DBA5566-1FB8-5A0A-567A-923898D1C8F1}.Debug|Any CPU.ActiveCfg = Debug|Any CPU
		{5DBA5566-1FB8-5A0A-567A-923898D1C8F1}.Debug|Any CPU.Build.0 = Debug|Any CPU
		{5DBA5566-1FB8-5A0A-567A-923898D1C8F1}.Release|Any CPU.ActiveCfg = Release|Any CPU
		{5DBA5566-1FB8-5A0A-567A-923898D1C8F1}.Release|Any CPU.Build.0 = Release|Any CPU
		{C7876023-5A29-DF7E-2266-D8DEFEE3246B}.Debug|Any CPU.ActiveCfg = Debug|Any CPU
		{C7876023-5A29-DF7E-2266-D8DEFEE3246B}.Debug|Any CPU.Build.0 = Debug|Any CPU
		{C7876023-5A29-DF7E-2266-D8DEFEE3246B}.Release|Any CPU.ActiveCfg = Release|Any CPU
		{C7876023-5A29-DF7E-2266-D8DEFEE3246B}.Release|Any CPU.Build.0 = Release|Any CPU
		{838DD98A-1C78-C461-8861-9525950AAF1D}.Debug|Any CPU.ActiveCfg = Debug|Any CPU
		{838DD98A-1C78-C461-8861-9525950AAF1D}.Debug|Any CPU.Build.0 = Debug|Any CPU
		{838DD98A-1C78-C461-8861-9525950AAF1D}.Release|Any CPU.ActiveCfg = Release|Any CPU
		{838DD98A-1C78-C461-8861-9525950AAF1D}.Release|Any CPU.Build.0 = Release|Any CPU
		{AAB177D1-6239-A153-AB4D-1391B915F11A}.Debug|Any CPU.ActiveCfg = Debug|Any CPU
		{AAB177D1-6239-A153-AB4D-1391B915F11A}.Debug|Any CPU.Build.0 = Debug|Any CPU
		{AAB177D1-6239-A153-AB4D-1391B915F11A}.Release|Any CPU.ActiveCfg = Release|Any CPU
		{AAB177D1-6239-A153-AB4D-1391B915F11A}.Release|Any CPU.Build.0 = Release|Any CPU
		{85805232-8ACB-D96F-71DC-51FF8939159C}.Debug|Any CPU.ActiveCfg = Debug|Any CPU
		{85805232-8ACB-D96F-71DC-51FF8939159C}.Debug|Any CPU.Build.0 = Debug|Any CPU
		{85805232-8ACB-D96F-71DC-51FF8939159C}.Release|Any CPU.ActiveCfg = Release|Any CPU
		{85805232-8ACB-D96F-71DC-51FF8939159C}.Release|Any CPU.Build.0 = Release|Any CPU
		{2E199FB6-B3E9-0556-1D01-A41C8939E56F}.Debug|Any CPU.ActiveCfg = Debug|Any CPU
		{2E199FB6-B3E9-0556-1D01-A41C8939E56F}.Debug|Any CPU.Build.0 = Debug|Any CPU
		{2E199FB6-B3E9-0556-1D01-A41C8939E56F}.Release|Any CPU.ActiveCfg = Release|Any CPU
		{2E199FB6-B3E9-0556-1D01-A41C8939E56F}.Release|Any CPU.Build.0 = Release|Any CPU
		{21AA0DDE-FA53-78CD-5600-EE17FF761410}.Debug|Any CPU.ActiveCfg = Debug|Any CPU
		{21AA0DDE-FA53-78CD-5600-EE17FF761410}.Debug|Any CPU.Build.0 = Debug|Any CPU
		{21AA0DDE-FA53-78CD-5600-EE17FF761410}.Release|Any CPU.ActiveCfg = Release|Any CPU
		{21AA0DDE-FA53-78CD-5600-EE17FF761410}.Release|Any CPU.Build.0 = Release|Any CPU
		{889726F2-13FD-CCA3-261E-346E5C2C19FD}.Debug|Any CPU.ActiveCfg = Debug|Any CPU
		{889726F2-13FD-CCA3-261E-346E5C2C19FD}.Debug|Any CPU.Build.0 = Debug|Any CPU
		{889726F2-13FD-CCA3-261E-346E5C2C19FD}.Release|Any CPU.ActiveCfg = Release|Any CPU
		{889726F2-13FD-CCA3-261E-346E5C2C19FD}.Release|Any CPU.Build.0 = Release|Any CPU
		{D8F07518-D149-8F15-1D7A-B08252BF9F27}.Debug|Any CPU.ActiveCfg = Debug|Any CPU
		{D8F07518-D149-8F15-1D7A-B08252BF9F27}.Debug|Any CPU.Build.0 = Debug|Any CPU
		{D8F07518-D149-8F15-1D7A-B08252BF9F27}.Release|Any CPU.ActiveCfg = Release|Any CPU
		{D8F07518-D149-8F15-1D7A-B08252BF9F27}.Release|Any CPU.Build.0 = Release|Any CPU
		{5446F2DE-BB87-B220-0288-8FA298483F94}.Debug|Any CPU.ActiveCfg = Debug|Any CPU
		{5446F2DE-BB87-B220-0288-8FA298483F94}.Debug|Any CPU.Build.0 = Debug|Any CPU
		{5446F2DE-BB87-B220-0288-8FA298483F94}.Release|Any CPU.ActiveCfg = Release|Any CPU
		{5446F2DE-BB87-B220-0288-8FA298483F94}.Release|Any CPU.Build.0 = Release|Any CPU
		{B2AEC6AC-B907-347C-3658-A402EA63C353}.Debug|Any CPU.ActiveCfg = Debug|Any CPU
		{B2AEC6AC-B907-347C-3658-A402EA63C353}.Debug|Any CPU.Build.0 = Debug|Any CPU
		{B2AEC6AC-B907-347C-3658-A402EA63C353}.Release|Any CPU.ActiveCfg = Release|Any CPU
		{B2AEC6AC-B907-347C-3658-A402EA63C353}.Release|Any CPU.Build.0 = Release|Any CPU
		{7658DEDC-64F1-FD34-5736-00390866378F}.Debug|Any CPU.ActiveCfg = Debug|Any CPU
		{7658DEDC-64F1-FD34-5736-00390866378F}.Debug|Any CPU.Build.0 = Debug|Any CPU
		{7658DEDC-64F1-FD34-5736-00390866378F}.Release|Any CPU.ActiveCfg = Release|Any CPU
		{7658DEDC-64F1-FD34-5736-00390866378F}.Release|Any CPU.Build.0 = Release|Any CPU
		{B3D3B048-93AE-A449-6E96-C62AA4454A72}.Debug|Any CPU.ActiveCfg = Debug|Any CPU
		{B3D3B048-93AE-A449-6E96-C62AA4454A72}.Debug|Any CPU.Build.0 = Debug|Any CPU
		{B3D3B048-93AE-A449-6E96-C62AA4454A72}.Release|Any CPU.ActiveCfg = Release|Any CPU
		{B3D3B048-93AE-A449-6E96-C62AA4454A72}.Release|Any CPU.Build.0 = Release|Any CPU
		{23A2A1C2-950D-6E0D-908E-CE98EC3C80DC}.Debug|Any CPU.ActiveCfg = Debug|Any CPU
		{23A2A1C2-950D-6E0D-908E-CE98EC3C80DC}.Debug|Any CPU.Build.0 = Debug|Any CPU
		{23A2A1C2-950D-6E0D-908E-CE98EC3C80DC}.Release|Any CPU.ActiveCfg = Release|Any CPU
		{23A2A1C2-950D-6E0D-908E-CE98EC3C80DC}.Release|Any CPU.Build.0 = Release|Any CPU
		{98125DA6-7641-87DE-ECD9-D3E4F18729FE}.Debug|Any CPU.ActiveCfg = Debug|Any CPU
		{98125DA6-7641-87DE-ECD9-D3E4F18729FE}.Debug|Any CPU.Build.0 = Debug|Any CPU
		{98125DA6-7641-87DE-ECD9-D3E4F18729FE}.Release|Any CPU.ActiveCfg = Release|Any CPU
		{98125DA6-7641-87DE-ECD9-D3E4F18729FE}.Release|Any CPU.Build.0 = Release|Any CPU
		{5499F514-BE22-BB45-FB56-9FEC8E5A3AB9}.Debug|Any CPU.ActiveCfg = Debug|Any CPU
		{5499F514-BE22-BB45-FB56-9FEC8E5A3AB9}.Debug|Any CPU.Build.0 = Debug|Any CPU
		{5499F514-BE22-BB45-FB56-9FEC8E5A3AB9}.Release|Any CPU.ActiveCfg = Release|Any CPU
		{5499F514-BE22-BB45-FB56-9FEC8E5A3AB9}.Release|Any CPU.Build.0 = Release|Any CPU
		{23F061B2-624F-89B4-6530-E4E9CB0946A2}.Debug|Any CPU.ActiveCfg = Debug|Any CPU
		{23F061B2-624F-89B4-6530-E4E9CB0946A2}.Debug|Any CPU.Build.0 = Debug|Any CPU
		{23F061B2-624F-89B4-6530-E4E9CB0946A2}.Release|Any CPU.ActiveCfg = Release|Any CPU
		{23F061B2-624F-89B4-6530-E4E9CB0946A2}.Release|Any CPU.Build.0 = Release|Any CPU
		{E565531F-016E-9400-0F6D-B38D983DD607}.Debug|Any CPU.ActiveCfg = Debug|Any CPU
		{E565531F-016E-9400-0F6D-B38D983DD607}.Debug|Any CPU.Build.0 = Debug|Any CPU
		{E565531F-016E-9400-0F6D-B38D983DD607}.Release|Any CPU.ActiveCfg = Release|Any CPU
		{E565531F-016E-9400-0F6D-B38D983DD607}.Release|Any CPU.Build.0 = Release|Any CPU
		{2C5EC5C0-D9BE-A084-1355-B7B9B604E038}.Debug|Any CPU.ActiveCfg = Debug|Any CPU
		{2C5EC5C0-D9BE-A084-1355-B7B9B604E038}.Debug|Any CPU.Build.0 = Debug|Any CPU
		{2C5EC5C0-D9BE-A084-1355-B7B9B604E038}.Release|Any CPU.ActiveCfg = Release|Any CPU
		{2C5EC5C0-D9BE-A084-1355-B7B9B604E038}.Release|Any CPU.Build.0 = Release|Any CPU
		{E5DDDEB7-54D2-89BD-09C0-74AAE1116D6E}.Debug|Any CPU.ActiveCfg = Debug|Any CPU
		{E5DDDEB7-54D2-89BD-09C0-74AAE1116D6E}.Debug|Any CPU.Build.0 = Debug|Any CPU
		{E5DDDEB7-54D2-89BD-09C0-74AAE1116D6E}.Release|Any CPU.ActiveCfg = Release|Any CPU
		{E5DDDEB7-54D2-89BD-09C0-74AAE1116D6E}.Release|Any CPU.Build.0 = Release|Any CPU
		{E430DE8A-460D-BCAA-011C-B540E9A2243E}.Debug|Any CPU.ActiveCfg = Debug|Any CPU
		{E430DE8A-460D-BCAA-011C-B540E9A2243E}.Debug|Any CPU.Build.0 = Debug|Any CPU
		{E430DE8A-460D-BCAA-011C-B540E9A2243E}.Release|Any CPU.ActiveCfg = Release|Any CPU
		{E430DE8A-460D-BCAA-011C-B540E9A2243E}.Release|Any CPU.Build.0 = Release|Any CPU
		{5E6BD518-EE20-E71B-73DC-439324EBD439}.Debug|Any CPU.ActiveCfg = Debug|Any CPU
		{5E6BD518-EE20-E71B-73DC-439324EBD439}.Debug|Any CPU.Build.0 = Debug|Any CPU
		{5E6BD518-EE20-E71B-73DC-439324EBD439}.Release|Any CPU.ActiveCfg = Release|Any CPU
		{5E6BD518-EE20-E71B-73DC-439324EBD439}.Release|Any CPU.Build.0 = Release|Any CPU
		{0CCAFD4B-7B14-D2D7-3D1D-DF40DC8524A9}.Debug|Any CPU.ActiveCfg = Debug|Any CPU
		{0CCAFD4B-7B14-D2D7-3D1D-DF40DC8524A9}.Debug|Any CPU.Build.0 = Debug|Any CPU
		{0CCAFD4B-7B14-D2D7-3D1D-DF40DC8524A9}.Release|Any CPU.ActiveCfg = Release|Any CPU
		{0CCAFD4B-7B14-D2D7-3D1D-DF40DC8524A9}.Release|Any CPU.Build.0 = Release|Any CPU
		{D002ACC0-494A-5AF7-C39B-EEA21014B60D}.Debug|Any CPU.ActiveCfg = Debug|Any CPU
		{D002ACC0-494A-5AF7-C39B-EEA21014B60D}.Debug|Any CPU.Build.0 = Debug|Any CPU
		{D002ACC0-494A-5AF7-C39B-EEA21014B60D}.Release|Any CPU.ActiveCfg = Release|Any CPU
		{D002ACC0-494A-5AF7-C39B-EEA21014B60D}.Release|Any CPU.Build.0 = Release|Any CPU
		{DA425909-5123-9A24-200E-F895D794AD53}.Debug|Any CPU.ActiveCfg = Debug|Any CPU
		{DA425909-5123-9A24-200E-F895D794AD53}.Debug|Any CPU.Build.0 = Debug|Any CPU
		{DA425909-5123-9A24-200E-F895D794AD53}.Release|Any CPU.ActiveCfg = Release|Any CPU
		{DA425909-5123-9A24-200E-F895D794AD53}.Release|Any CPU.Build.0 = Release|Any CPU
		{C2759F38-53BB-0C28-3600-77D9E8A45842}.Debug|Any CPU.ActiveCfg = Debug|Any CPU
		{C2759F38-53BB-0C28-3600-77D9E8A45842}.Debug|Any CPU.Build.0 = Debug|Any CPU
		{C2759F38-53BB-0C28-3600-77D9E8A45842}.Release|Any CPU.ActiveCfg = Release|Any CPU
		{C2759F38-53BB-0C28-3600-77D9E8A45842}.Release|Any CPU.Build.0 = Release|Any CPU
		{BD7077C7-20B2-E1AB-7B59-955CA2AB6352}.Debug|Any CPU.ActiveCfg = Debug|Any CPU
		{BD7077C7-20B2-E1AB-7B59-955CA2AB6352}.Debug|Any CPU.Build.0 = Debug|Any CPU
		{BD7077C7-20B2-E1AB-7B59-955CA2AB6352}.Release|Any CPU.ActiveCfg = Release|Any CPU
		{BD7077C7-20B2-E1AB-7B59-955CA2AB6352}.Release|Any CPU.Build.0 = Release|Any CPU
		{9EF3AF71-EB40-2A7E-5107-D648F77A4DAE}.Debug|Any CPU.ActiveCfg = Debug|Any CPU
		{9EF3AF71-EB40-2A7E-5107-D648F77A4DAE}.Debug|Any CPU.Build.0 = Debug|Any CPU
		{9EF3AF71-EB40-2A7E-5107-D648F77A4DAE}.Release|Any CPU.ActiveCfg = Release|Any CPU
		{9EF3AF71-EB40-2A7E-5107-D648F77A4DAE}.Release|Any CPU.Build.0 = Release|Any CPU
		{753B895B-E136-0345-5B09-6A8BA4A33722}.Debug|Any CPU.ActiveCfg = Debug|Any CPU
		{753B895B-E136-0345-5B09-6A8BA4A33722}.Debug|Any CPU.Build.0 = Debug|Any CPU
		{753B895B-E136-0345-5B09-6A8BA4A33722}.Release|Any CPU.ActiveCfg = Release|Any CPU
		{753B895B-E136-0345-5B09-6A8BA4A33722}.Release|Any CPU.Build.0 = Release|Any CPU
		{E17F066A-3B63-5F82-E421-A73CA8A94474}.Debug|Any CPU.ActiveCfg = Debug|Any CPU
		{E17F066A-3B63-5F82-E421-A73CA8A94474}.Debug|Any CPU.Build.0 = Debug|Any CPU
		{E17F066A-3B63-5F82-E421-A73CA8A94474}.Release|Any CPU.ActiveCfg = Release|Any CPU
		{E17F066A-3B63-5F82-E421-A73CA8A94474}.Release|Any CPU.Build.0 = Release|Any CPU
		{26D47F5C-4045-76F4-9C82-5DC2B7635392}.Debug|Any CPU.ActiveCfg = Debug|Any CPU
		{26D47F5C-4045-76F4-9C82-5DC2B7635392}.Debug|Any CPU.Build.0 = Debug|Any CPU
		{26D47F5C-4045-76F4-9C82-5DC2B7635392}.Release|Any CPU.ActiveCfg = Release|Any CPU
		{26D47F5C-4045-76F4-9C82-5DC2B7635392}.Release|Any CPU.Build.0 = Release|Any CPU
		{57CAC9F5-C856-5108-214E-366DE5CE5F3C}.Debug|Any CPU.ActiveCfg = Debug|Any CPU
		{57CAC9F5-C856-5108-214E-366DE5CE5F3C}.Debug|Any CPU.Build.0 = Debug|Any CPU
		{57CAC9F5-C856-5108-214E-366DE5CE5F3C}.Release|Any CPU.ActiveCfg = Release|Any CPU
		{57CAC9F5-C856-5108-214E-366DE5CE5F3C}.Release|Any CPU.Build.0 = Release|Any CPU
		{0306E1EC-2206-E306-EDC9-4856DB86D68B}.Debug|Any CPU.ActiveCfg = Debug|Any CPU
		{0306E1EC-2206-E306-EDC9-4856DB86D68B}.Debug|Any CPU.Build.0 = Debug|Any CPU
		{0306E1EC-2206-E306-EDC9-4856DB86D68B}.Release|Any CPU.ActiveCfg = Release|Any CPU
		{0306E1EC-2206-E306-EDC9-4856DB86D68B}.Release|Any CPU.Build.0 = Release|Any CPU
		{F74DE762-4E61-7545-6141-1BBC1826E801}.Debug|Any CPU.ActiveCfg = Debug|Any CPU
		{F74DE762-4E61-7545-6141-1BBC1826E801}.Debug|Any CPU.Build.0 = Debug|Any CPU
		{F74DE762-4E61-7545-6141-1BBC1826E801}.Release|Any CPU.ActiveCfg = Release|Any CPU
		{F74DE762-4E61-7545-6141-1BBC1826E801}.Release|Any CPU.Build.0 = Release|Any CPU
		{FF1E7303-3271-5C66-6B2B-9123C1ED1307}.Debug|Any CPU.ActiveCfg = Debug|Any CPU
		{FF1E7303-3271-5C66-6B2B-9123C1ED1307}.Debug|Any CPU.Build.0 = Debug|Any CPU
		{FF1E7303-3271-5C66-6B2B-9123C1ED1307}.Release|Any CPU.ActiveCfg = Release|Any CPU
		{FF1E7303-3271-5C66-6B2B-9123C1ED1307}.Release|Any CPU.Build.0 = Release|Any CPU
		{B8A8D5E1-B925-8FAA-E343-C2808137B5FE}.Debug|Any CPU.ActiveCfg = Debug|Any CPU
		{B8A8D5E1-B925-8FAA-E343-C2808137B5FE}.Debug|Any CPU.Build.0 = Debug|Any CPU
		{B8A8D5E1-B925-8FAA-E343-C2808137B5FE}.Release|Any CPU.ActiveCfg = Release|Any CPU
		{B8A8D5E1-B925-8FAA-E343-C2808137B5FE}.Release|Any CPU.Build.0 = Release|Any CPU
		{2F4E58F3-DC2D-A600-AEFC-AD778909B3EF}.Debug|Any CPU.ActiveCfg = Debug|Any CPU
		{2F4E58F3-DC2D-A600-AEFC-AD778909B3EF}.Debug|Any CPU.Build.0 = Debug|Any CPU
		{2F4E58F3-DC2D-A600-AEFC-AD778909B3EF}.Release|Any CPU.ActiveCfg = Release|Any CPU
		{2F4E58F3-DC2D-A600-AEFC-AD778909B3EF}.Release|Any CPU.Build.0 = Release|Any CPU
		{B8D79D5D-E861-79E7-EC8F-D26C67DE042F}.Debug|Any CPU.ActiveCfg = Debug|Any CPU
		{B8D79D5D-E861-79E7-EC8F-D26C67DE042F}.Debug|Any CPU.Build.0 = Debug|Any CPU
		{B8D79D5D-E861-79E7-EC8F-D26C67DE042F}.Release|Any CPU.ActiveCfg = Release|Any CPU
		{B8D79D5D-E861-79E7-EC8F-D26C67DE042F}.Release|Any CPU.Build.0 = Release|Any CPU
		{A612FFE7-3CC9-DEDA-FA56-58EEB530C9EB}.Debug|Any CPU.ActiveCfg = Debug|Any CPU
		{A612FFE7-3CC9-DEDA-FA56-58EEB530C9EB}.Debug|Any CPU.Build.0 = Debug|Any CPU
		{A612FFE7-3CC9-DEDA-FA56-58EEB530C9EB}.Release|Any CPU.ActiveCfg = Release|Any CPU
		{A612FFE7-3CC9-DEDA-FA56-58EEB530C9EB}.Release|Any CPU.Build.0 = Release|Any CPU
		{0191C2FB-EEE6-BA1B-2E73-EFA23C74D7A2}.Debug|Any CPU.ActiveCfg = Debug|Any CPU
		{0191C2FB-EEE6-BA1B-2E73-EFA23C74D7A2}.Debug|Any CPU.Build.0 = Debug|Any CPU
		{0191C2FB-EEE6-BA1B-2E73-EFA23C74D7A2}.Release|Any CPU.ActiveCfg = Release|Any CPU
		{0191C2FB-EEE6-BA1B-2E73-EFA23C74D7A2}.Release|Any CPU.Build.0 = Release|Any CPU
		{9ED663A2-4C7F-A8B6-14FD-1F23FF409A3F}.Debug|Any CPU.ActiveCfg = Debug|Any CPU
		{9ED663A2-4C7F-A8B6-14FD-1F23FF409A3F}.Debug|Any CPU.Build.0 = Debug|Any CPU
		{9ED663A2-4C7F-A8B6-14FD-1F23FF409A3F}.Release|Any CPU.ActiveCfg = Release|Any CPU
		{9ED663A2-4C7F-A8B6-14FD-1F23FF409A3F}.Release|Any CPU.Build.0 = Release|Any CPU
		{5E9A7A83-1AD1-D6D5-F35D-3BDEE2A97DDA}.Debug|Any CPU.ActiveCfg = Debug|Any CPU
		{5E9A7A83-1AD1-D6D5-F35D-3BDEE2A97DDA}.Debug|Any CPU.Build.0 = Debug|Any CPU
		{5E9A7A83-1AD1-D6D5-F35D-3BDEE2A97DDA}.Release|Any CPU.ActiveCfg = Release|Any CPU
		{5E9A7A83-1AD1-D6D5-F35D-3BDEE2A97DDA}.Release|Any CPU.Build.0 = Release|Any CPU
	EndGlobalSection
	GlobalSection(SolutionProperties) = preSolution
		HideSolutionNode = FALSE
	EndGlobalSection
	GlobalSection(NestedProjects) = preSolution
		{BB171A51-65F1-0E82-5B30-AE2E3D1C0B0E} = {1B9E6616-9010-5DDD-8234-356F965B606E}
		{5DBA5566-1FB8-5A0A-567A-923898D1C8F1} = {1B9E6616-9010-5DDD-8234-356F965B606E}
		{C7876023-5A29-DF7E-2266-D8DEFEE3246B} = {1B9E6616-9010-5DDD-8234-356F965B606E}
		{838DD98A-1C78-C461-8861-9525950AAF1D} = {1B9E6616-9010-5DDD-8234-356F965B606E}
		{AAB177D1-6239-A153-AB4D-1391B915F11A} = {1B9E6616-9010-5DDD-8234-356F965B606E}
		{85805232-8ACB-D96F-71DC-51FF8939159C} = {1B9E6616-9010-5DDD-8234-356F965B606E}
		{2E199FB6-B3E9-0556-1D01-A41C8939E56F} = {1B9E6616-9010-5DDD-8234-356F965B606E}
		{21AA0DDE-FA53-78CD-5600-EE17FF761410} = {1B9E6616-9010-5DDD-8234-356F965B606E}
		{889726F2-13FD-CCA3-261E-346E5C2C19FD} = {1B9E6616-9010-5DDD-8234-356F965B606E}
		{D8F07518-D149-8F15-1D7A-B08252BF9F27} = {1B9E6616-9010-5DDD-8234-356F965B606E}
		{5446F2DE-BB87-B220-0288-8FA298483F94} = {1B9E6616-9010-5DDD-8234-356F965B606E}
		{B2AEC6AC-B907-347C-3658-A402EA63C353} = {1B9E6616-9010-5DDD-8234-356F965B606E}
		{7658DEDC-64F1-FD34-5736-00390866378F} = {1B9E6616-9010-5DDD-8234-356F965B606E}
		{B3D3B048-93AE-A449-6E96-C62AA4454A72} = {1B9E6616-9010-5DDD-8234-356F965B606E}
		{23A2A1C2-950D-6E0D-908E-CE98EC3C80DC} = {1B9E6616-9010-5DDD-8234-356F965B606E}
		{98125DA6-7641-87DE-ECD9-D3E4F18729FE} = {1B9E6616-9010-5DDD-8234-356F965B606E}
		{5499F514-BE22-BB45-FB56-9FEC8E5A3AB9} = {1B9E6616-9010-5DDD-8234-356F965B606E}
		{23F061B2-624F-89B4-6530-E4E9CB0946A2} = {1B9E6616-9010-5DDD-8234-356F965B606E}
		{E565531F-016E-9400-0F6D-B38D983DD607} = {1B9E6616-9010-5DDD-8234-356F965B606E}
		{2C5EC5C0-D9BE-A084-1355-B7B9B604E038} = {1B9E6616-9010-5DDD-8234-356F965B606E}
		{E5DDDEB7-54D2-89BD-09C0-74AAE1116D6E} = {1B9E6616-9010-5DDD-8234-356F965B606E}
		{E430DE8A-460D-BCAA-011C-B540E9A2243E} = {1B9E6616-9010-5DDD-8234-356F965B606E}
		{5E6BD518-EE20-E71B-73DC-439324EBD439} = {1B9E6616-9010-5DDD-8234-356F965B606E}
		{0CCAFD4B-7B14-D2D7-3D1D-DF40DC8524A9} = {1B9E6616-9010-5DDD-8234-356F965B606E}
		{D002ACC0-494A-5AF7-C39B-EEA21014B60D} = {1B9E6616-9010-5DDD-8234-356F965B606E}
		{DA425909-5123-9A24-200E-F895D794AD53} = {1B9E6616-9010-5DDD-8234-356F965B606E}
		{C2759F38-53BB-0C28-3600-77D9E8A45842} = {1B9E6616-9010-5DDD-8234-356F965B606E}
		{BD7077C7-20B2-E1AB-7B59-955CA2AB6352} = {1B9E6616-9010-5DDD-8234-356F965B606E}
		{9EF3AF71-EB40-2A7E-5107-D648F77A4DAE} = {1B9E6616-9010-5DDD-8234-356F965B606E}
		{753B895B-E136-0345-5B09-6A8BA4A33722} = {1B9E6616-9010-5DDD-8234-356F965B606E}
		{E17F066A-3B63-5F82-E421-A73CA8A94474} = {1B9E6616-9010-5DDD-8234-356F965B606E}
		{26D47F5C-4045-76F4-9C82-5DC2B7635392} = {1B9E6616-9010-5DDD-8234-356F965B606E}
		{57CAC9F5-C856-5108-214E-366DE5CE5F3C} = {1B9E6616-9010-5DDD-8234-356F965B606E}
		{0306E1EC-2206-E306-EDC9-4856DB86D68B} = {1B9E6616-9010-5DDD-8234-356F965B606E}
		{F74DE762-4E61-7545-6141-1BBC1826E801} = {1B9E6616-9010-5DDD-8234-356F965B606E}
		{FF1E7303-3271-5C66-6B2B-9123C1ED1307} = {1B9E6616-9010-5DDD-8234-356F965B606E}
		{B8A8D5E1-B925-8FAA-E343-C2808137B5FE} = {1B9E6616-9010-5DDD-8234-356F965B606E}
		{2F4E58F3-DC2D-A600-AEFC-AD778909B3EF} = {1B9E6616-9010-5DDD-8234-356F965B606E}
		{B8D79D5D-E861-79E7-EC8F-D26C67DE042F} = {1B9E6616-9010-5DDD-8234-356F965B606E}
		{A612FFE7-3CC9-DEDA-FA56-58EEB530C9EB} = {1B9E6616-9010-5DDD-8234-356F965B606E}
		{0191C2FB-EEE6-BA1B-2E73-EFA23C74D7A2} = {1B9E6616-9010-5DDD-8234-356F965B606E}
		{9ED663A2-4C7F-A8B6-14FD-1F23FF409A3F} = {1B9E6616-9010-5DDD-8234-356F965B606E}
		{5E9A7A83-1AD1-D6D5-F35D-3BDEE2A97DDA} = {1B9E6616-9010-5DDD-8234-356F965B606E}
	EndGlobalSection
	GlobalSection(ExtensibilityGlobals) = postSolution
		SolutionGuid = {7CE64EA5-5EAA-4D88-8870-FE7AB11701F7}
	EndGlobalSection
EndGlobal
